
Microsoft Visual Studio Solution File, Format Version 12.00
# Visual Studio Version 16
VisualStudioVersion = 16.0.31019.35
MinimumVisualStudioVersion = 10.0.40219.1
Project("{FAE04EC0-301F-11D3-BF4B-00C04F79EFBC}") = "softUniversity", "softUniversity\softUniversity.csproj", "{579AAED2-E420-4663-B5AB-42FABA513C34}"
EndProject
Global
	GlobalSection(SolutionConfigurationPlatforms) = preSolution
		Debug|Any CPU = Debug|Any CPU
		Release|Any CPU = Release|Any CPU
	EndGlobalSection
	GlobalSection(ProjectConfigurationPlatforms) = postSolution
		{579AAED2-E420-4663-B5AB-42FABA513C34}.Debug|Any CPU.ActiveCfg = Debug|Any CPU
		{579AAED2-E420-4663-B5AB-42FABA513C34}.Debug|Any CPU.Build.0 = Debug|Any CPU
		{579AAED2-E420-4663-B5AB-42FABA513C34}.Release|Any CPU.ActiveCfg = Release|Any CPU
		{579AAED2-E420-4663-B5AB-42FABA513C34}.Release|Any CPU.Build.0 = Release|Any CPU
	EndGlobalSection
	GlobalSection(SolutionProperties) = preSolution
		HideSolutionNode = FALSE
	EndGlobalSection
	GlobalSection(ExtensibilityGlobals) = postSolution
		SolutionGuid = {907AB34B-0BB0-438D-9CEE-053ADEC04AD0}
	EndGlobalSection
EndGlobal
